lockfileVersion: 5.4

specifiers:
  '@types/react': ^17
  '@types/react-dom': ^17
  prettier: ^2
  react: ^18.0.0
  react-dom: ^18.0.0
  react-rnd: ^10.3.5
  typescript: ^4

dependencies:
  react-rnd: 10.3.7_ef5jwxihqo6n7gxfmzogljlgcm

devDependencies:
  '@types/react': 17.0.45
  '@types/react-dom': 17.0.17
  prettier: 2.6.2
  react: 18.1.0
  react-dom: 18.1.0_react@18.1.0
  typescript: 4.6.4

packages:

  /@types/prop-types/15.7.5:
    resolution: {integrity: sha512-JCB8C6SnDoQf0cNycqd/35A7MjcnK+ZTqE7judS6o7utxUCg6imJg3QK2qzHKszlTjcj2cn+NwMB2i96ubpj7w==}
    dev: true

  /@types/react-dom/17.0.17:
    resolution: {integrity: sha512-VjnqEmqGnasQKV0CWLevqMTXBYG9GbwuE6x3VetERLh0cq2LTptFE73MrQi2S7GkKXCf2GgwItB/melLnxfnsg==}
    dependencies:
      '@types/react': 17.0.45
    dev: true

  /@types/react/17.0.45:
    resolution: {integrity: sha512-YfhQ22Lah2e3CHPsb93tRwIGNiSwkuz1/blk4e6QrWS0jQzCSNbGLtOEYhPg02W0yGTTmpajp7dCTbBAMN3qsg==}
    dependencies:
      '@types/prop-types': 15.7.5
      '@types/scheduler': 0.16.2
      csstype: 3.1.0
    dev: true

  /@types/scheduler/0.16.2:
    resolution: {integrity: sha512-hppQEBDmlwhFAXKJX2KnWLYu5yMfi91yazPb2l+lbJiwW+wdo1gNeRA+3RgNSO39WYX2euey41KEwnqesU2Jew==}
    dev: true

  /clsx/1.1.1:
    resolution: {integrity: sha512-6/bPho624p3S2pMyvP5kKBPXnI3ufHLObBFCfgx+LkeR5lg2XYy2hqZqUf45ypD8COn2bhgGJSUE+l5dhNBieA==}
    engines: {node: '>=6'}
    dev: false

  /csstype/3.1.0:
    resolution: {integrity: sha512-uX1KG+x9h5hIJsaKR9xHUeUraxf8IODOwq9JLNPq6BwB04a/xgpq3rcx47l5BZu5zBPlgD342tdke3Hom/nJRA==}
    dev: true

  /fast-memoize/2.5.2:
    resolution: {integrity: sha512-Ue0LwpDYErFbmNnZSF0UH6eImUwDmogUO1jyE+JbN2gsQz/jICm1Ve7t9QT0rNSsfJt+Hs4/S3GnsDVjL4HVrw==}
    dev: false

  /js-tokens/4.0.0:
    resolution: {integrity: sha512-RdJUflcE3cUzKiMqQgsCu06FPu9UdIJO0beYbPhHN4k6apgJtifcoCtT9bcxOpYBtpD2kCM6Sbzg4CausW/PKQ==}

  /loose-envify/1.4.0:
    resolution: {integrity: sha512-lyuxPGr/Wfhrlem2CL/UcnUc1zcqKAImBDzukY7Y5F/yQiNdko6+fRLevlw1HgMySw7f611UIY408EtxRSoK3Q==}
    hasBin: true
    dependencies:
      js-tokens: 4.0.0

  /object-assign/4.1.1:
    resolution: {integrity: sha1-IQmtx5ZYh8/AXLvUQsrIv7s2CGM=}
    engines: {node: '>=0.10.0'}
    dev: false

  /prettier/2.6.2:
    resolution: {integrity: sha512-PkUpF+qoXTqhOeWL9fu7As8LXsIUZ1WYaJiY/a7McAQzxjk82OF0tibkFXVCDImZtWxbvojFjerkiLb0/q8mew==}
    engines: {node: '>=10.13.0'}
    hasBin: true
    dev: true

  /prop-types/15.8.1:
    resolution: {integrity: sha512-oj87CgZICdulUohogVAR7AjlC0327U4el4L6eAvOqCeudMDVU0NThNaV+b9Df4dXgSP1gXMTnPdhfe/2qDH5cg==}
    dependencies:
      loose-envify: 1.4.0
      object-assign: 4.1.1
      react-is: 16.13.1
    dev: false

  /re-resizable/6.9.6_ef5jwxihqo6n7gxfmzogljlgcm:
    resolution: {integrity: sha512-0xYKS5+Z0zk+vICQlcZW+g54CcJTTmHluA7JUUgvERDxnKAnytylcyPsA+BSFi759s5hPlHmBRegFrwXs2FuBQ==}
    peerDependencies:
      react: ^16.13.1 || ^17.0.0 || ^18.0.0
      react-dom: ^16.13.1 || ^17.0.0 || ^18.0.0
    dependencies:
      fast-memoize: 2.5.2
      react: 18.1.0
      react-dom: 18.1.0_react@18.1.0
    dev: false

  /react-dom/18.1.0_react@18.1.0:
    resolution: {integrity: sha512-fU1Txz7Budmvamp7bshe4Zi32d0ll7ect+ccxNu9FlObT605GOEB8BfO4tmRJ39R5Zj831VCpvQ05QPBW5yb+w==}
    peerDependencies:
      react: ^18.1.0
    dependencies:
      loose-envify: 1.4.0
      react: 18.1.0
      scheduler: 0.22.0
    dev: true

  /react-draggable/4.4.4_ef5jwxihqo6n7gxfmzogljlgcm:
    resolution: {integrity: sha512-6e0WdcNLwpBx/YIDpoyd2Xb04PB0elrDrulKUgdrIlwuYvxh5Ok9M+F8cljm8kPXXs43PmMzek9RrB1b7mLMqA==}
    peerDependencies:
      react: '>= 16.3.0'
      react-dom: '>= 16.3.0'
    dependencies:
      clsx: 1.1.1
      prop-types: 15.8.1
      react: 18.1.0
      react-dom: 18.1.0_react@18.1.0
    dev: false

  /react-is/16.13.1:
    resolution: {integrity: sha512-24e6ynE2H+OKt4kqsOvNd8kBpV65zoxbA4BVsEOB3ARVWQki/DHzaUoC5KuON/BiccDaCCTZBuOcfZs70kR8bQ==}
    dev: false

  /react-rnd/10.3.7_ef5jwxihqo6n7gxfmzogljlgcm:
    resolution: {integrity: sha512-fYifqMI6xWzzajoRbxNNH2xpKagJT5o1zAY3a4eh4gKk+Eyy/9LGoBKA3eVX0yNOeD7JB+wznps4YmnU38v6Yw==}
    peerDependencies:
      react: '>=16.3.0'
      react-dom: '>=16.3.0'
    dependencies:
      re-resizable: 6.9.6_ef5jwxihqo6n7gxfmzogljlgcm
      react: 18.1.0
      react-dom: 18.1.0_react@18.1.0
      react-draggable: 4.4.4_ef5jwxihqo6n7gxfmzogljlgcm
      tslib: 2.3.1
    dev: false

  /react/18.1.0:
    resolution: {integrity: sha512-4oL8ivCz5ZEPyclFQXaNksK3adutVS8l2xzZU0cqEFrE9Sb7fC0EFK5uEk74wIreL1DERyjvsU915j1pcT2uEQ==}
    engines: {node: '>=0.10.0'}
    dependencies:
      loose-envify: 1.4.0
    dev: true

  /scheduler/0.22.0:
    resolution: {integrity: sha512-6QAm1BgQI88NPYymgGQLCZgvep4FyePDWFpXVK+zNSUgHwlqpJy8VEh8Et0KxTACS4VWwMousBElAZOH9nkkoQ==}
    dependencies:
      loose-envify: 1.4.0
    dev: true

  /tslib/2.3.1:
    resolution: {integrity: sha512-77EbyPPpMz+FRFRuAFlWMtmgUWGe9UOG2Z25NqCwiIjRhOf5iKGuzSe5P2w1laq+FkRy4p+PCuVkJSGkzTEKVw==}
    dev: false

  /typescript/4.6.4:
    resolution: {integrity: sha512-9ia/jWHIEbo49HfjrLGfKbZSuWo9iTMwXO+Ca3pRsSpbsMbc7/IU8NKdCZVRRBafVPGnoJeFL76ZOAA84I9fEg==}
    engines: {node: '>=4.2.0'}
    hasBin: true
    dev: true
